// !$*UTF8*$!
{
	archiveVersion = 1;
	classes = {
	};
	objectVersion = 48;
	objects = {

/* Begin PBXBuildFile section */
		A47E87EC1FF13FAE0055248E /* AppDelegate.m in Sources */ = {isa = PBXBuildFile; fileRef = A47E87EB1FF13FAE0055248E /* AppDelegate.m */; };
		A47E87EF1FF13FAE0055248E /* ViewController.m in Sources */ = {isa = PBXBuildFile; fileRef = A47E87EE1FF13FAE0055248E /* ViewController.m */; };
		A47E87F21FF13FAE0055248E /* Main.storyboard in Resources */ = {isa = PBXBuildFile; fileRef = A47E87F01FF13FAE0055248E /* Main.storyboard */; };
		A47E87F41FF13FAE0055248E /* Assets.xcassets in Resources */ = {isa = PBXBuildFile; fileRef = A47E87F31FF13FAE0055248E /* Assets.xcassets */; };
		A47E87F71FF13FAE0055248E /* LaunchScreen.storyboard in Resources */ = {isa = PBXBuildFile; fileRef = A47E87F51FF13FAE0055248E /* LaunchScreen.storyboard */; };
		A47E87FA1FF13FAE0055248E /* main.m in Sources */ = {isa = PBXBuildFile; fileRef = A47E87F91FF13FAE0055248E /* main.m */; };
		A47E88041FF13FAF0055248E /* ChainFunctionTests.m in Sources */ = {isa = PBXBuildFile; fileRef = A47E88031FF13FAF0055248E /* ChainFunctionTests.m */; };
		A47E880F1FF13FAF0055248E /* ChainFunctionUITests.m in Sources */ = {isa = PBXBuildFile; fileRef = A47E880E1FF13FAF0055248E /* ChainFunctionUITests.m */; };
		A4B7AE0E1FFB67C400D524C3 /* ChainFunctionForUICollectionViewFlowLayout.m in Sources */ = {isa = PBXBuildFile; fileRef = A4B7AE0D1FFB67C400D524C3 /* ChainFunctionForUICollectionViewFlowLayout.m */; };
		A4B7AE111FFB6AF000D524C3 /* ChainFunctionForUICollectionView.m in Sources */ = {isa = PBXBuildFile; fileRef = A4B7AE101FFB6AF000D524C3 /* ChainFunctionForUICollectionView.m */; };
		A4EEC2731FF5016F00E9D21E /* ChainFunctionForUILabel.m in Sources */ = {isa = PBXBuildFile; fileRef = A4EEC2681FF5016F00E9D21E /* ChainFunctionForUILabel.m */; };
		A4EEC2741FF5016F00E9D21E /* ChainFunctionForUIImageView.m in Sources */ = {isa = PBXBuildFile; fileRef = A4EEC2691FF5016F00E9D21E /* ChainFunctionForUIImageView.m */; };
		A4EEC2751FF5016F00E9D21E /* ChainFunctionForUITableView.m in Sources */ = {isa = PBXBuildFile; fileRef = A4EEC26A1FF5016F00E9D21E /* ChainFunctionForUITableView.m */; };
		A4EEC2761FF5016F00E9D21E /* ChainFunctionForUIScrollView.m in Sources */ = {isa = PBXBuildFile; fileRef = A4EEC26B1FF5016F00E9D21E /* ChainFunctionForUIScrollView.m */; };
		A4EEC2771FF5016F00E9D21E /* ChainFunctionForUIView.m in Sources */ = {isa = PBXBuildFile; fileRef = A4EEC26C1FF5016F00E9D21E /* ChainFunctionForUIView.m */; };
		A4EEC2781FF5016F00E9D21E /* ChainFunctionForUIButton.m in Sources */ = {isa = PBXBuildFile; fileRef = A4EEC26D1FF5016F00E9D21E /* ChainFunctionForUIButton.m */; };
		A4EEC2791FF5016F00E9D21E /* ChainFunctionForUITextField.m in Sources */ = {isa = PBXBuildFile; fileRef = A4EEC26E1FF5016F00E9D21E /* ChainFunctionForUITextField.m */; };
		A4EEC27A1FF5016F00E9D21E /* ChainFunctionForUITextView.m in Sources */ = {isa = PBXBuildFile; fileRef = A4EEC26F1FF5016F00E9D21E /* ChainFunctionForUITextView.m */; };
		A4F1A20F1FF5221100134CF6 /* ChainFunctionForUIControl.m in Sources */ = {isa = PBXBuildFile; fileRef = A4F1A20E1FF5221100134CF6 /* ChainFunctionForUIControl.m */; };
		A4F1A2121FF52D1500134CF6 /* ChainFunctionForCALayer.m in Sources */ = {isa = PBXBuildFile; fileRef = A4F1A2111FF52D1500134CF6 /* ChainFunctionForCALayer.m */; };
/* End PBXBuildFile section */

/* Begin PBXContainerItemProxy section */
		A47E88001FF13FAF0055248E /* PBXContainerItemProxy */ = {
			isa = PBXContainerItemProxy;
			containerPortal = A47E87DF1FF13FAE0055248E /* Project object */;
			proxyType = 1;
			remoteGlobalIDString = A47E87E61FF13FAE0055248E;
			remoteInfo = ChainFunction;
		};
		A47E880B1FF13FAF0055248E /* PBXContainerItemProxy */ = {
			isa = PBXContainerItemProxy;
			containerPortal = A47E87DF1FF13FAE0055248E /* Project object */;
			proxyType = 1;
			remoteGlobalIDString = A47E87E61FF13FAE0055248E;
			remoteInfo = ChainFunction;
		};
/* End PBXContainerItemProxy section */

/* Begin PBXFileReference section */
		A47E87E71FF13FAE0055248E /* ChainFunction.app */ = {isa = PBXFileReference; explicitFileType = wrapper.application; includeInIndex = 0; path = ChainFunction.app; sourceTree = BUILT_PRODUCTS_DIR; };
		A47E87EA1FF13FAE0055248E /* AppDelegate.h */ = {isa = PBXFileReference; lastKnownFileType = sourcecode.c.h; path = AppDelegate.h; sourceTree = "<group>"; };
		A47E87EB1FF13FAE0055248E /* AppDelegate.m */ = {isa = PBXFileReference; lastKnownFileType = sourcecode.c.objc; path = AppDelegate.m; sourceTree = "<group>"; };
		A47E87ED1FF13FAE0055248E /* ViewController.h */ = {isa = PBXFileReference; lastKnownFileType = sourcecode.c.h; path = ViewController.h; sourceTree = "<group>"; };
		A47E87EE1FF13FAE0055248E /* ViewController.m */ = {isa = PBXFileReference; lastKnownFileType = sourcecode.c.objc; path = ViewController.m; sourceTree = "<group>"; };
		A47E87F11FF13FAE0055248E /* Base */ = {isa = PBXFileReference; lastKnownFileType = file.storyboard; name = Base; path = Base.lproj/Main.storyboard; sourceTree = "<group>"; };
		A47E87F31FF13FAE0055248E /* Assets.xcassets */ = {isa = PBXFileReference; lastKnownFileType = folder.assetcatalog; path = Assets.xcassets; sourceTree = "<group>"; };
		A47E87F61FF13FAE0055248E /* Base */ = {isa = PBXFileReference; lastKnownFileType = file.storyboard; name = Base; path = Base.lproj/LaunchScreen.storyboard; sourceTree = "<group>"; };
		A47E87F81FF13FAE0055248E /* Info.plist */ = {isa = PBXFileReference; lastKnownFileType = text.plist.xml; path = Info.plist; sourceTree = "<group>"; };
		A47E87F91FF13FAE0055248E /* main.m */ = {isa = PBXFileReference; lastKnownFileType = sourcecode.c.objc; path = main.m; sourceTree = "<group>"; };
		A47E87FF1FF13FAF0055248E /* ChainFunctionTests.xctest */ = {isa = PBXFileReference; explicitFileType = wrapper.cfbundle; includeInIndex = 0; path = ChainFunctionTests.xctest; sourceTree = BUILT_PRODUCTS_DIR; };
		A47E88031FF13FAF0055248E /* ChainFunctionTests.m */ = {isa = PBXFileReference; lastKnownFileType = sourcecode.c.objc; path = ChainFunctionTests.m; sourceTree = "<group>"; };
		A47E88051FF13FAF0055248E /* Info.plist */ = {isa = PBXFileReference; lastKnownFileType = text.plist.xml; path = Info.plist; sourceTree = "<group>"; };
		A47E880A1FF13FAF0055248E /* ChainFunctionUITests.xctest */ = {isa = PBXFileReference; explicitFileType = wrapper.cfbundle; includeInIndex = 0; path = ChainFunctionUITests.xctest; sourceTree = BUILT_PRODUCTS_DIR; };
		A47E880E1FF13FAF0055248E /* ChainFunctionUITests.m */ = {isa = PBXFileReference; lastKnownFileType = sourcecode.c.objc; path = ChainFunctionUITests.m; sourceTree = "<group>"; };
		A47E88101FF13FAF0055248E /* Info.plist */ = {isa = PBXFileReference; lastKnownFileType = text.plist.xml; path = Info.plist; sourceTree = "<group>"; };
		A4B7AE0C1FFB67C400D524C3 /* ChainFunctionForUICollectionViewFlowLayout.h */ = {isa = PBXFileReference; lastKnownFileType = sourcecode.c.h; path = ChainFunctionForUICollectionViewFlowLayout.h; sourceTree = "<group>"; };
		A4B7AE0D1FFB67C400D524C3 /* ChainFunctionForUICollectionViewFlowLayout.m */ = {isa = PBXFileReference; lastKnownFileType = sourcecode.c.objc; path = ChainFunctionForUICollectionViewFlowLayout.m; sourceTree = "<group>"; };
		A4B7AE0F1FFB6AF000D524C3 /* ChainFunctionForUICollectionView.h */ = {isa = PBXFileReference; lastKnownFileType = sourcecode.c.h; path = ChainFunctionForUICollectionView.h; sourceTree = "<group>"; };
		A4B7AE101FFB6AF000D524C3 /* ChainFunctionForUICollectionView.m */ = {isa = PBXFileReference; lastKnownFileType = sourcecode.c.objc; path = ChainFunctionForUICollectionView.m; sourceTree = "<group>"; };
		A4EEC2621FF5016F00E9D21E /* ChainFunctionForUIView.h */ = {isa = PBXFileReference; fileEncoding = 4; lastKnownFileType = sourcecode.c.h; path = ChainFunctionForUIView.h; sourceTree = "<group>"; };
		A4EEC2631FF5016F00E9D21E /* ChainFunctionForUIScrollView.h */ = {isa = PBXFileReference; fileEncoding = 4; lastKnownFileType = sourcecode.c.h; path = ChainFunctionForUIScrollView.h; sourceTree = "<group>"; };
		A4EEC2641FF5016F00E9D21E /* ChainFunctionForUITextView.h */ = {isa = PBXFileReference; fileEncoding = 4; lastKnownFileType = sourcecode.c.h; path = ChainFunctionForUITextView.h; sourceTree = "<group>"; };
		A4EEC2651FF5016F00E9D21E /* ChainFunctionHeader.h */ = {isa = PBXFileReference; fileEncoding = 4; lastKnownFileType = sourcecode.c.h; path = ChainFunctionHeader.h; sourceTree = "<group>"; };
		A4EEC2661FF5016F00E9D21E /* ChainFunctionForUITextField.h */ = {isa = PBXFileReference; fileEncoding = 4; lastKnownFileType = sourcecode.c.h; path = ChainFunctionForUITextField.h; sourceTree = "<group>"; };
		A4EEC2671FF5016F00E9D21E /* ChainFunctionForUIButton.h */ = {isa = PBXFileReference; fileEncoding = 4; lastKnownFileType = sourcecode.c.h; path = ChainFunctionForUIButton.h; sourceTree = "<group>"; };
		A4EEC2681FF5016F00E9D21E /* ChainFunctionForUILabel.m */ = {isa = PBXFileReference; fileEncoding = 4; lastKnownFileType = sourcecode.c.objc; path = ChainFunctionForUILabel.m; sourceTree = "<group>"; };
		A4EEC2691FF5016F00E9D21E /* ChainFunctionForUIImageView.m */ = {isa = PBXFileReference; fileEncoding = 4; lastKnownFileType = sourcecode.c.objc; path = ChainFunctionForUIImageView.m; sourceTree = "<group>"; };
		A4EEC26A1FF5016F00E9D21E /* ChainFunctionForUITableView.m */ = {isa = PBXFileReference; fileEncoding = 4; lastKnownFileType = sourcecode.c.objc; path = ChainFunctionForUITableView.m; sourceTree = "<group>"; };
		A4EEC26B1FF5016F00E9D21E /* ChainFunctionForUIScrollView.m */ = {isa = PBXFileReference; fileEncoding = 4; lastKnownFileType = sourcecode.c.objc; path = ChainFunctionForUIScrollView.m; sourceTree = "<group>"; };
		A4EEC26C1FF5016F00E9D21E /* ChainFunctionForUIView.m */ = {isa = PBXFileReference; fileEncoding = 4; lastKnownFileType = sourcecode.c.objc; path = ChainFunctionForUIView.m; sourceTree = "<group>"; };
		A4EEC26D1FF5016F00E9D21E /* ChainFunctionForUIButton.m */ = {isa = PBXFileReference; fileEncoding = 4; lastKnownFileType = sourcecode.c.objc; path = ChainFunctionForUIButton.m; sourceTree = "<group>"; };
		A4EEC26E1FF5016F00E9D21E /* ChainFunctionForUITextField.m */ = {isa = PBXFileReference; fileEncoding = 4; lastKnownFileType = sourcecode.c.objc; path = ChainFunctionForUITextField.m; sourceTree = "<group>"; };
		A4EEC26F1FF5016F00E9D21E /* ChainFunctionForUITextView.m */ = {isa = PBXFileReference; fileEncoding = 4; lastKnownFileType = sourcecode.c.objc; path = ChainFunctionForUITextView.m; sourceTree = "<group>"; };
		A4EEC2701FF5016F00E9D21E /* ChainFunctionForUILabel.h */ = {isa = PBXFileReference; fileEncoding = 4; lastKnownFileType = sourcecode.c.h; path = ChainFunctionForUILabel.h; sourceTree = "<group>"; };
		A4EEC2711FF5016F00E9D21E /* ChainFunctionForUITableView.h */ = {isa = PBXFileReference; fileEncoding = 4; lastKnownFileType = sourcecode.c.h; path = ChainFunctionForUITableView.h; sourceTree = "<group>"; };
		A4EEC2721FF5016F00E9D21E /* ChainFunctionForUIImageView.h */ = {isa = PBXFileReference; fileEncoding = 4; lastKnownFileType = sourcecode.c.h; path = ChainFunctionForUIImageView.h; sourceTree = "<group>"; };
		A4F1A20D1FF5221100134CF6 /* ChainFunctionForUIControl.h */ = {isa = PBXFileReference; lastKnownFileType = sourcecode.c.h; path = ChainFunctionForUIControl.h; sourceTree = "<group>"; };
		A4F1A20E1FF5221100134CF6 /* ChainFunctionForUIControl.m */ = {isa = PBXFileReference; lastKnownFileType = sourcecode.c.objc; path = ChainFunctionForUIControl.m; sourceTree = "<group>"; };
		A4F1A2101FF52D1500134CF6 /* ChainFunctionForCALayer.h */ = {isa = PBXFileReference; lastKnownFileType = sourcecode.c.h; path = ChainFunctionForCALayer.h; sourceTree = "<group>"; };
		A4F1A2111FF52D1500134CF6 /* ChainFunctionForCALayer.m */ = {isa = PBXFileReference; lastKnownFileType = sourcecode.c.objc; path = ChainFunctionForCALayer.m; sourceTree = "<group>"; };
/* End PBXFileReference section */

/* Begin PBXFrameworksBuildPhase section */
		A47E87E41FF13FAE0055248E /* Frameworks */ = {
			isa = PBXFrameworksBuildPhase;
			buildActionMask = 2147483647;
			files = (
			);
			runOnlyForDeploymentPostprocessing = 0;
		};
		A47E87FC1FF13FAF0055248E /* Frameworks */ = {
			isa = PBXFrameworksBuildPhase;
			buildActionMask = 2147483647;
			files = (
			);
			runOnlyForDeploymentPostprocessing = 0;
		};
		A47E88071FF13FAF0055248E /* Frameworks */ = {
			isa = PBXFrameworksBuildPhase;
			buildActionMask = 2147483647;
			files = (
			);
			runOnlyForDeploymentPostprocessing = 0;
		};
/* End PBXFrameworksBuildPhase section */

/* Begin PBXGroup section */
		A47E87DE1FF13FAE0055248E = {
			isa = PBXGroup;
			children = (
				A47E87E91FF13FAE0055248E /* ChainFunction */,
				A47E88021FF13FAF0055248E /* ChainFunctionTests */,
				A47E880D1FF13FAF0055248E /* ChainFunctionUITests */,
				A47E87E81FF13FAE0055248E /* Products */,
			);
			sourceTree = "<group>";
		};
		A47E87E81FF13FAE0055248E /* Products */ = {
			isa = PBXGroup;
			children = (
				A47E87E71FF13FAE0055248E /* ChainFunction.app */,
				A47E87FF1FF13FAF0055248E /* ChainFunctionTests.xctest */,
				A47E880A1FF13FAF0055248E /* ChainFunctionUITests.xctest */,
			);
			name = Products;
			sourceTree = "<group>";
		};
		A47E87E91FF13FAE0055248E /* ChainFunction */ = {
			isa = PBXGroup;
			children = (
				A4EEC2611FF5016F00E9D21E /* ChainFunction */,
				A47E87EA1FF13FAE0055248E /* AppDelegate.h */,
				A47E87EB1FF13FAE0055248E /* AppDelegate.m */,
				A47E87ED1FF13FAE0055248E /* ViewController.h */,
				A47E87EE1FF13FAE0055248E /* ViewController.m */,
				A47E87F01FF13FAE0055248E /* Main.storyboard */,
				A47E87F31FF13FAE0055248E /* Assets.xcassets */,
				A47E87F51FF13FAE0055248E /* LaunchScreen.storyboard */,
				A47E87F81FF13FAE0055248E /* Info.plist */,
				A47E87F91FF13FAE0055248E /* main.m */,
			);
			path = ChainFunction;
			sourceTree = "<group>";
		};
		A47E88021FF13FAF0055248E /* ChainFunctionTests */ = {
			isa = PBXGroup;
			children = (
				A47E88031FF13FAF0055248E /* ChainFunctionTests.m */,
				A47E88051FF13FAF0055248E /* Info.plist */,
			);
			path = ChainFunctionTests;
			sourceTree = "<group>";
		};
		A47E880D1FF13FAF0055248E /* ChainFunctionUITests */ = {
			isa = PBXGroup;
			children = (
				A47E880E1FF13FAF0055248E /* ChainFunctionUITests.m */,
				A47E88101FF13FAF0055248E /* Info.plist */,
			);
			path = ChainFunctionUITests;
			sourceTree = "<group>";
		};
		A4EEC2611FF5016F00E9D21E /* ChainFunction */ = {
			isa = PBXGroup;
			children = (
				A4EEC2651FF5016F00E9D21E /* ChainFunctionHeader.h */,
				A4F1A2101FF52D1500134CF6 /* ChainFunctionForCALayer.h */,
				A4F1A2111FF52D1500134CF6 /* ChainFunctionForCALayer.m */,
				A4F1A20D1FF5221100134CF6 /* ChainFunctionForUIControl.h */,
				A4F1A20E1FF5221100134CF6 /* ChainFunctionForUIControl.m */,
				A4EEC2671FF5016F00E9D21E /* ChainFunctionForUIButton.h */,
				A4EEC26D1FF5016F00E9D21E /* ChainFunctionForUIButton.m */,
				A4EEC2721FF5016F00E9D21E /* ChainFunctionForUIImageView.h */,
				A4EEC2691FF5016F00E9D21E /* ChainFunctionForUIImageView.m */,
				A4EEC2701FF5016F00E9D21E /* ChainFunctionForUILabel.h */,
				A4EEC2681FF5016F00E9D21E /* ChainFunctionForUILabel.m */,
				A4EEC2631FF5016F00E9D21E /* ChainFunctionForUIScrollView.h */,
				A4EEC26B1FF5016F00E9D21E /* ChainFunctionForUIScrollView.m */,
				A4EEC2711FF5016F00E9D21E /* ChainFunctionForUITableView.h */,
				A4EEC26A1FF5016F00E9D21E /* ChainFunctionForUITableView.m */,
				A4EEC2661FF5016F00E9D21E /* ChainFunctionForUITextField.h */,
				A4EEC26E1FF5016F00E9D21E /* ChainFunctionForUITextField.m */,
				A4EEC2641FF5016F00E9D21E /* ChainFunctionForUITextView.h */,
				A4EEC26F1FF5016F00E9D21E /* ChainFunctionForUITextView.m */,
				A4EEC2621FF5016F00E9D21E /* ChainFunctionForUIView.h */,
				A4EEC26C1FF5016F00E9D21E /* ChainFunctionForUIView.m */,
				A4B7AE0C1FFB67C400D524C3 /* ChainFunctionForUICollectionViewFlowLayout.h */,
				A4B7AE0D1FFB67C400D524C3 /* ChainFunctionForUICollectionViewFlowLayout.m */,
				A4B7AE0F1FFB6AF000D524C3 /* ChainFunctionForUICollectionView.h */,
				A4B7AE101FFB6AF000D524C3 /* ChainFunctionForUICollectionView.m */,
			);
			path = ChainFunction;
			sourceTree = "<group>";
		};
/* End PBXGroup section */

/* Begin PBXNativeTarget section */
		A47E87E61FF13FAE0055248E /* ChainFunction */ = {
			isa = PBXNativeTarget;
			buildConfigurationList = A47E88131FF13FAF0055248E /* Build configuration list for PBXNativeTarget "ChainFunction" */;
			buildPhases = (
				A47E87E31FF13FAE0055248E /* Sources */,
				A47E87E41FF13FAE0055248E /* Frameworks */,
				A47E87E51FF13FAE0055248E /* Resources */,
			);
			buildRules = (
			);
			dependencies = (
			);
			name = ChainFunction;
			productName = ChainFunction;
			productReference = A47E87E71FF13FAE0055248E /* ChainFunction.app */;
			productType = "com.apple.product-type.application";
		};
		A47E87FE1FF13FAF0055248E /* ChainFunctionTests */ = {
			isa = PBXNativeTarget;
			buildConfigurationList = A47E88161FF13FAF0055248E /* Build configuration list for PBXNativeTarget "ChainFunctionTests" */;
			buildPhases = (
				A47E87FB1FF13FAF0055248E /* Sources */,
				A47E87FC1FF13FAF0055248E /* Frameworks */,
				A47E87FD1FF13FAF0055248E /* Resources */,
			);
			buildRules = (
			);
			dependencies = (
				A47E88011FF13FAF0055248E /* PBXTargetDependency */,
			);
			name = ChainFunctionTests;
			productName = ChainFunctionTests;
			productReference = A47E87FF1FF13FAF0055248E /* ChainFunctionTests.xctest */;
			productType = "com.apple.product-type.bundle.unit-test";
		};
		A47E88091FF13FAF0055248E /* ChainFunctionUITests */ = {
			isa = PBXNativeTarget;
			buildConfigurationList = A47E88191FF13FAF0055248E /* Build configuration list for PBXNativeTarget "ChainFunctionUITests" */;
			buildPhases = (
				A47E88061FF13FAF0055248E /* Sources */,
				A47E88071FF13FAF0055248E /* Frameworks */,
				A47E88081FF13FAF0055248E /* Resources */,
			);
			buildRules = (
			);
			dependencies = (
				A47E880C1FF13FAF0055248E /* PBXTargetDependency */,
			);
			name = ChainFunctionUITests;
			productName = ChainFunctionUITests;
			productReference = A47E880A1FF13FAF0055248E /* ChainFunctionUITests.xctest */;
			productType = "com.apple.product-type.bundle.ui-testing";
		};
/* End PBXNativeTarget section */

/* Begin PBXProject section */
		A47E87DF1FF13FAE0055248E /* Project object */ = {
			isa = PBXProject;
			attributes = {
				LastUpgradeCheck = 0910;
				ORGANIZATIONNAME = TTeng;
				TargetAttributes = {
					A47E87E61FF13FAE0055248E = {
						CreatedOnToolsVersion = 9.1;
						ProvisioningStyle = Automatic;
					};
					A47E87FE1FF13FAF0055248E = {
						CreatedOnToolsVersion = 9.1;
						ProvisioningStyle = Automatic;
						TestTargetID = A47E87E61FF13FAE0055248E;
					};
					A47E88091FF13FAF0055248E = {
						CreatedOnToolsVersion = 9.1;
						ProvisioningStyle = Automatic;
						TestTargetID = A47E87E61FF13FAE0055248E;
					};
				};
			};
			buildConfigurationList = A47E87E21FF13FAE0055248E /* Build configuration list for PBXProject "ChainFunction" */;
			compatibilityVersion = "Xcode 8.0";
			developmentRegion = en;
			hasScannedForEncodings = 0;
			knownRegions = (
				en,
				Base,
			);
			mainGroup = A47E87DE1FF13FAE0055248E;
			productRefGroup = A47E87E81FF13FAE0055248E /* Products */;
			projectDirPath = "";
			projectRoot = "";
			targets = (
				A47E87E61FF13FAE0055248E /* ChainFunction */,
				A47E87FE1FF13FAF0055248E /* ChainFunctionTests */,
				A47E88091FF13FAF0055248E /* ChainFunctionUITests */,
			);
		};
/* End PBXProject section */

/* Begin PBXResourcesBuildPhase section */
		A47E87E51FF13FAE0055248E /* Resources */ = {
			isa = PBXResourcesBuildPhase;
			buildActionMask = 2147483647;
			files = (
				A47E87F71FF13FAE0055248E /* LaunchScreen.storyboard in Resources */,
				A47E87F41FF13FAE0055248E /* Assets.xcassets in Resources */,
				A47E87F21FF13FAE0055248E /* Main.storyboard in Resources */,
			);
			runOnlyForDeploymentPostprocessing = 0;
		};
		A47E87FD1FF13FAF0055248E /* Resources */ = {
			isa = PBXResourcesBuildPhase;
			buildActionMask = 2147483647;
			files = (
			);
			runOnlyForDeploymentPostprocessing = 0;
		};
		A47E88081FF13FAF0055248E /* Resources */ = {
			isa = PBXResourcesBuildPhase;
			buildActionMask = 2147483647;
			files = (
			);
			runOnlyForDeploymentPostprocessing = 0;
		};
/* End PBXResourcesBuildPhase section */

/* Begin PBXSourcesBuildPhase section */
		A47E87E31FF13FAE0055248E /* Sources */ = {
			isa = PBXSourcesBuildPhase;
			buildActionMask = 2147483647;
			files = (
				A4B7AE111FFB6AF000D524C3 /* ChainFunctionForUICollectionView.m in Sources */,
				A4EEC27A1FF5016F00E9D21E /* ChainFunctionForUITextView.m in Sources */,
				A4F1A20F1FF5221100134CF6 /* ChainFunctionForUIControl.m in Sources */,
				A4EEC2741FF5016F00E9D21E /* ChainFunctionForUIImageView.m in Sources */,
				A47E87EF1FF13FAE0055248E /* ViewController.m in Sources */,
				A47E87FA1FF13FAE0055248E /* main.m in Sources */,
				A4EEC2781FF5016F00E9D21E /* ChainFunctionForUIButton.m in Sources */,
				A4EEC2731FF5016F00E9D21E /* ChainFunctionForUILabel.m in Sources */,
				A4EEC2791FF5016F00E9D21E /* ChainFunctionForUITextField.m in Sources */,
				A4EEC2771FF5016F00E9D21E /* ChainFunctionForUIView.m in Sources */,
				A47E87EC1FF13FAE0055248E /* AppDelegate.m in Sources */,
				A4B7AE0E1FFB67C400D524C3 /* ChainFunctionForUICollectionViewFlowLayout.m in Sources */,
				A4EEC2751FF5016F00E9D21E /* ChainFunctionForUITableView.m in Sources */,
				A4F1A2121FF52D1500134CF6 /* ChainFunctionForCALayer.m in Sources */,
				A4EEC2761FF5016F00E9D21E /* ChainFunctionForUIScrollView.m in Sources */,
			);
			runOnlyForDeploymentPostprocessing = 0;
		};
		A47E87FB1FF13FAF0055248E /* Sources */ = {
			isa = PBXSourcesBuildPhase;
			buildActionMask = 2147483647;
			files = (
				A47E88041FF13FAF0055248E /* ChainFunctionTests.m in Sources */,
			);
			runOnlyForDeploymentPostprocessing = 0;
		};
		A47E88061FF13FAF0055248E /* Sources */ = {
			isa = PBXSourcesBuildPhase;
			buildActionMask = 2147483647;
			files = (
				A47E880F1FF13FAF0055248E /* ChainFunctionUITests.m in Sources */,
			);
			runOnlyForDeploymentPostprocessing = 0;
		};
/* End PBXSourcesBuildPhase section */

/* Begin PBXTargetDependency section */
		A47E88011FF13FAF0055248E /* PBXTargetDependency */ = {
			isa = PBXTargetDependency;
			target = A47E87E61FF13FAE0055248E /* ChainFunction */;
			targetProxy = A47E88001FF13FAF0055248E /* PBXContainerItemProxy */;
		};
		A47E880C1FF13FAF0055248E /* PBXTargetDependency */ = {
			isa = PBXTargetDependency;
			target = A47E87E61FF13FAE0055248E /* ChainFunction */;
			targetProxy = A47E880B1FF13FAF0055248E /* PBXContainerItemProxy */;
		};
/* End PBXTargetDependency section */

/* Begin PBXVariantGroup section */
		A47E87F01FF13FAE0055248E /* Main.storyboard */ = {
			isa = PBXVariantGroup;
			children = (
				A47E87F11FF13FAE0055248E /* Base */,
			);
			name = Main.storyboard;
			sourceTree = "<group>";
		};
		A47E87F51FF13FAE0055248E /* LaunchScreen.storyboard */ = {
			isa = PBXVariantGroup;
			children = (
				A47E87F61FF13FAE0055248E /* Base */,
			);
			name = LaunchScreen.storyboard;
			sourceTree = "<group>";
		};
/* End PBXVariantGroup section */

/* Begin XCBuildConfiguration section */
		A47E88111FF13FAF0055248E /* Debug */ = {
			isa = XCBuildConfiguration;
			buildSettings = {
				ALWAYS_SEARCH_USER_PATHS = NO;
				CLANG_ANALYZER_NONNULL = YES;
				CLANG_ANALYZER_NUMBER_OBJECT_CONVERSION = YES_AGGRESSIVE;
				CLANG_CXX_LANGUAGE_STANDARD = "gnu++14";
				CLANG_CXX_LIBRARY = "libc++";
				CLANG_ENABLE_MODULES = YES;
				CLANG_ENABLE_OBJC_ARC = YES;
				CLANG_WARN_BLOCK_CAPTURE_AUTORELEASING = YES;
				CLANG_WARN_BOOL_CONVERSION = YES;
				CLANG_WARN_COMMA = YES;
				CLANG_WARN_CONSTANT_CONVERSION = YES;
				CLANG_WARN_DIRECT_OBJC_ISA_USAGE = YES_ERROR;
				CLANG_WARN_DOCUMENTATION_COMMENTS = YES;
				CLANG_WARN_EMPTY_BODY = YES;
				CLANG_WARN_ENUM_CONVERSION = YES;
				CLANG_WARN_INFINITE_RECURSION = YES;
				CLANG_WARN_INT_CONVERSION = YES;
				CLANG_WARN_NON_LITERAL_NULL_CONVERSION = YES;
				CLANG_WARN_OBJC_LITERAL_CONVERSION = YES;
				CLANG_WARN_OBJC_ROOT_CLASS = YES_ERROR;
				CLANG_WARN_RANGE_LOOP_ANALYSIS = YES;
				CLANG_WARN_STRICT_PROTOTYPES = YES;
				CLANG_WARN_SUSPICIOUS_MOVE = YES;
				CLANG_WARN_UNGUARDED_AVAILABILITY = YES_AGGRESSIVE;
				CLANG_WARN_UNREACHABLE_CODE = YES;
				CLANG_WARN__DUPLICATE_METHOD_MATCH = YES;
				CODE_SIGN_IDENTITY = "iPhone Developer";
				COPY_PHASE_STRIP = NO;
				DEBUG_INFORMATION_FORMAT = dwarf;
				ENABLE_STRICT_OBJC_MSGSEND = YES;
				ENABLE_TESTABILITY = YES;
				GCC_C_LANGUAGE_STANDARD = gnu11;
				GCC_DYNAMIC_NO_PIC = NO;
				GCC_NO_COMMON_BLOCKS = YES;
				GCC_OPTIMIZATION_LEVEL = 0;
				GCC_PREPROCESSOR_DEFINITIONS = (
					"DEBUG=1",
					"$(inherited)",
				);
				GCC_WARN_64_TO_32_BIT_CONVERSION = YES;
				GCC_WARN_ABOUT_RETURN_TYPE = YES_ERROR;
				GCC_WARN_UNDECLARED_SELECTOR = YES;
				GCC_WARN_UNINITIALIZED_AUTOS = YES_AGGRESSIVE;
				GCC_WARN_UNUSED_FUNCTION = YES;
				GCC_WARN_UNUSED_VARIABLE = YES;
				IPHONEOS_DEPLOYMENT_TARGET = 11.1;
				MTL_ENABLE_DEBUG_INFO = YES;
				ONLY_ACTIVE_ARCH = YES;
				SDKROOT = iphoneos;
			};
			name = Debug;
		};
		A47E88121FF13FAF0055248E /* Release */ = {
			isa = XCBuildConfiguration;
			buildSettings = {
				ALWAYS_SEARCH_USER_PATHS = NO;
				CLANG_ANALYZER_NONNULL = YES;
				CLANG_ANALYZER_NUMBER_OBJECT_CONVERSION = YES_AGGRESSIVE;
				CLANG_CXX_LANGUAGE_STANDARD = "gnu++14";
				CLANG_CXX_LIBRARY = "libc++";
				CLANG_ENABLE_MODULES = YES;
				CLANG_ENABLE_OBJC_ARC = YES;
				CLANG_WARN_BLOCK_CAPTURE_AUTORELEASING = YES;
				CLANG_WARN_BOOL_CONVERSION = YES;
				CLANG_WARN_COMMA = YES;
				CLANG_WARN_CONSTANT_CONVERSION = YES;
				CLANG_WARN_DIRECT_OBJC_ISA_USAGE = YES_ERROR;
				CLANG_WARN_DOCUMENTATION_COMMENTS = YES;
				CLANG_WARN_EMPTY_BODY = YES;
				CLANG_WARN_ENUM_CONVERSION = YES;
				CLANG_WARN_INFINITE_RECURSION = YES;
				CLANG_WARN_INT_CONVERSION = YES;
				CLANG_WARN_NON_LITERAL_NULL_CONVERSION = YES;
				CLANG_WARN_OBJC_LITERAL_CONVERSION = YES;
				CLANG_WARN_OBJC_ROOT_CLASS = YES_ERROR;
				CLANG_WARN_RANGE_LOOP_ANALYSIS = YES;
				CLANG_WARN_STRICT_PROTOTYPES = YES;
				CLANG_WARN_SUSPICIOUS_MOVE = YES;
				CLANG_WARN_UNGUARDED_AVAILABILITY = YES_AGGRESSIVE;
				CLANG_WARN_UNREACHABLE_CODE = YES;
				CLANG_WARN__DUPLICATE_METHOD_MATCH = YES;
				CODE_SIGN_IDENTITY = "iPhone Developer";
				COPY_PHASE_STRIP = NO;
				DEBUG_INFORMATION_FORMAT = "dwarf-with-dsym";
				ENABLE_NS_ASSERTIONS = NO;
				ENABLE_STRICT_OBJC_MSGSEND = YES;
				GCC_C_LANGUAGE_STANDARD = gnu11;
				GCC_NO_COMMON_BLOCKS = YES;
				GCC_WARN_64_TO_32_BIT_CONVERSION = YES;
				GCC_WARN_ABOUT_RETURN_TYPE = YES_ERROR;
				GCC_WARN_UNDECLARED_SELECTOR = YES;
				GCC_WARN_UNINITIALIZED_AUTOS = YES_AGGRESSIVE;
				GCC_WARN_UNUSED_FUNCTION = YES;
				GCC_WARN_UNUSED_VARIABLE = YES;
				IPHONEOS_DEPLOYMENT_TARGET = 11.1;
				MTL_ENABLE_DEBUG_INFO = NO;
				SDKROOT = iphoneos;
				VALIDATE_PRODUCT = YES;
			};
			name = Release;
		};
		A47E88141FF13FAF0055248E /* Debug */ = {
			isa = XCBuildConfiguration;
			buildSettings = {
				ASSETCATALOG_COMPILER_APPICON_NAME = AppIcon;
				CODE_SIGN_STYLE = Automatic;
				INFOPLIST_FILE = ChainFunction/Info.plist;
				LD_RUNPATH_SEARCH_PATHS = "$(inherited) @executable_path/Frameworks";
				PRODUCT_BUNDLE_IDENTIFIER = com.teng.ChainFunction;
				PRODUCT_NAME = "$(TARGET_NAME)";
				TARGETED_DEVICE_FAMILY = "1,2";
			};
			name = Debug;
		};
		A47E88151FF13FAF0055248E /* Release */ = {
			isa = XCBuildConfiguration;
			buildSettings = {
				ASSETCATALOG_COMPILER_APPICON_NAME = AppIcon;
				CODE_SIGN_STYLE = Automatic;
				INFOPLIST_FILE = ChainFunction/Info.plist;
				LD_RUNPATH_SEARCH_PATHS = "$(inherited) @executable_path/Frameworks";
				PRODUCT_BUNDLE_IDENTIFIER = com.teng.ChainFunction;
				PRODUCT_NAME = "$(TARGET_NAME)";
				TARGETED_DEVICE_FAMILY = "1,2";
			};
			name = Release;
		};
		A47E88171FF13FAF0055248E /* Debug */ = {
			isa = XCBuildConfiguration;
			buildSettings = {
				BUNDLE_LOADER = "$(TEST_HOST)";
				CODE_SIGN_STYLE = Automatic;
				INFOPLIST_FILE = ChainFunctionTests/Info.plist;
				LD_RUNPATH_SEARCH_PATHS = "$(inherited) @executable_path/Frameworks @loader_path/Frameworks";
				PRODUCT_BUNDLE_IDENTIFIER = com.teng.ChainFunctionTests;
				PRODUCT_NAME = "$(TARGET_NAME)";
				TARGETED_DEVICE_FAMILY = "1,2";
				TEST_HOST = "$(BUILT_PRODUCTS_DIR)/ChainFunction.app/ChainFunction";
			};
			name = Debug;
		};
		A47E88181FF13FAF0055248E /* Release */ = {
			isa = XCBuildConfiguration;
			buildSettings = {
				BUNDLE_LOADER = "$(TEST_HOST)";
				CODE_SIGN_STYLE = Automatic;
				INFOPLIST_FILE = ChainFunctionTests/Info.plist;
				LD_RUNPATH_SEARCH_PATHS = "$(inherited) @executable_path/Frameworks @loader_path/Frameworks";
				PRODUCT_BUNDLE_IDENTIFIER = com.teng.ChainFunctionTests;
				PRODUCT_NAME = "$(TARGET_NAME)";
				TARGETED_DEVICE_FAMILY = "1,2";
				TEST_HOST = "$(BUILT_PRODUCTS_DIR)/ChainFunction.app/ChainFunction";
			};
			name = Release;
		};
		A47E881A1FF13FAF0055248E /* Debug */ = {
			isa = XCBuildConfiguration;
			buildSettings = {
				CODE_SIGN_STYLE = Automatic;
				INFOPLIST_FILE = ChainFunctionUITests/Info.plist;
				LD_RUNPATH_SEARCH_PATHS = "$(inherited) @executable_path/Frameworks @loader_path/Frameworks";
				PRODUCT_BUNDLE_IDENTIFIER = com.teng.ChainFunctionUITests;
				PRODUCT_NAME = "$(TARGET_NAME)";
				TARGETED_DEVICE_FAMILY = "1,2";
				TEST_TARGET_NAME = ChainFunction;
			};
			name = Debug;
		};
		A47E881B1FF13FAF0055248E /* Release */ = {
			isa = XCBuildConfiguration;
			buildSettings = {
				CODE_SIGN_STYLE = Automatic;
				INFOPLIST_FILE = ChainFunctionUITests/Info.plist;
				LD_RUNPATH_SEARCH_PATHS = "$(inherited) @executable_path/Frameworks @loader_path/Frameworks";
				PRODUCT_BUNDLE_IDENTIFIER = com.teng.ChainFunctionUITests;
				PRODUCT_NAME = "$(TARGET_NAME)";
				TARGETED_DEVICE_FAMILY = "1,2";
				TEST_TARGET_NAME = ChainFunction;
			};
			name = Release;
		};
/* End XCBuildConfiguration section */

/* Begin XCConfigurationList section */
		A47E87E21FF13FAE0055248E /* Build configuration list for PBXProject "ChainFunction" */ = {
			isa = XCConfigurationList;
			buildConfigurations = (
				A47E88111FF13FAF0055248E /* Debug */,
				A47E88121FF13FAF0055248E /* Release */,
			);
			defaultConfigurationIsVisible = 0;
			defaultConfigurationName = Release;
		};
		A47E88131FF13FAF0055248E /* Build configuration list for PBXNativeTarget "ChainFunction" */ = {
			isa = XCConfigurationList;
			buildConfigurations = (
				A47E88141FF13FAF0055248E /* Debug */,
				A47E88151FF13FAF0055248E /* Release */,
			);
			defaultConfigurationIsVisible = 0;
			defaultConfigurationName = Release;
		};
		A47E88161FF13FAF0055248E /* Build configuration list for PBXNativeTarget "ChainFunctionTests" */ = {
			isa = XCConfigurationList;
			buildConfigurations = (
				A47E88171FF13FAF0055248E /* Debug */,
				A47E88181FF13FAF0055248E /* Release */,
			);
			defaultConfigurationIsVisible = 0;
			defaultConfigurationName = Release;
		};
		A47E88191FF13FAF0055248E /* Build configuration list for PBXNativeTarget "ChainFunctionUITests" */ = {
			isa = XCConfigurationList;
			buildConfigurations = (
				A47E881A1FF13FAF0055248E /* Debug */,
				A47E881B1FF13FAF0055248E /* Release */,
			);
			defaultConfigurationIsVisible = 0;
			defaultConfigurationName = Release;
		};
/* End XCConfigurationList section */
	};
	rootObject = A47E87DF1FF13FAE0055248E /* Project object */;
}
